
Microsoft Visual Studio Solution File, Format Version 12.00
# Visual Studio Version 16
VisualStudioVersion = 16.0.30002.166
MinimumVisualStudioVersion = 10.0.40219.1
Project("{9A19103F-16F7-4668-BE54-9A1E7A4F7556}") = "ProductivityTools.Salaries.Api", "ProductivityTools.Salaries.Api\ProductivityTools.Salaries.Api.csproj", "{908DD838-E4DA-45E7-9E2B-E7DBD9823B3C}"
EndProject
Project("{9A19103F-16F7-4668-BE54-9A1E7A4F7556}") = "ProductivityTools.Salaries.Api.Contract", "ProductivityTools.Salaries.Api.Contract\ProductivityTools.Salaries.Api.Contract.csproj", "{DE904E2B-76E7-4027-8037-C320D35B82FB}"
EndProject
Project("{FAE04EC0-301F-11D3-BF4B-00C04F79EFBC}") = "ProductivityTools.Salaries.Api.DbUp", "ProductivityTools.Salaries.Api.DbUp\ProductivityTools.Salaries.Api.DbUp.csproj", "{7F91FFCE-2A14-4033-BDE1-CFE451BF8435}"
EndProject
Global
	GlobalSection(SolutionConfigurationPlatforms) = preSolution
		Debug|Any CPU = Debug|Any CPU
		Release|Any CPU = Release|Any CPU
	EndGlobalSection
	GlobalSection(ProjectConfigurationPlatforms) = postSolution
		{908DD838-E4DA-45E7-9E2B-E7DBD9823B3C}.Debug|Any CPU.ActiveCfg = Debug|Any CPU
		{908DD838-E4DA-45E7-9E2B-E7DBD9823B3C}.Debug|Any CPU.Build.0 = Debug|Any CPU
		{908DD838-E4DA-45E7-9E2B-E7DBD9823B3C}.Release|Any CPU.ActiveCfg = Release|Any CPU
		{908DD838-E4DA-45E7-9E2B-E7DBD9823B3C}.Release|Any CPU.Build.0 = Release|Any CPU
		{DE904E2B-76E7-4027-8037-C320D35B82FB}.Debug|Any CPU.ActiveCfg = Debug|Any CPU
		{DE904E2B-76E7-4027-8037-C320D35B82FB}.Debug|Any CPU.Build.0 = Debug|Any CPU
		{DE904E2B-76E7-4027-8037-C320D35B82FB}.Release|Any CPU.ActiveCfg = Release|Any CPU
		{DE904E2B-76E7-4027-8037-C320D35B82FB}.Release|Any CPU.Build.0 = Release|Any CPU
		{7F91FFCE-2A14-4033-BDE1-CFE451BF8435}.Debug|Any CPU.ActiveCfg = Debug|Any CPU
		{7F91FFCE-2A14-4033-BDE1-CFE451BF8435}.Debug|Any CPU.Build.0 = Debug|Any CPU
		{7F91FFCE-2A14-4033-BDE1-CFE451BF8435}.Release|Any CPU.ActiveCfg = Release|Any CPU
		{7F91FFCE-2A14-4033-BDE1-CFE451BF8435}.Release|Any CPU.Build.0 = Release|Any CPU
	EndGlobalSection
	GlobalSection(SolutionProperties) = preSolution
		HideSolutionNode = FALSE
	EndGlobalSection
	GlobalSection(ExtensibilityGlobals) = postSolution
		SolutionGuid = {D250975C-6C54-45FD-BC5D-E059759559B1}
	EndGlobalSection
EndGlobal
